
Microsoft Visual Studio Solution File, Format Version 12.00
# Visual Studio Version 17
VisualStudioVersion = 17.10.35122.118
MinimumVisualStudioVersion = 10.0.40219.1
Project("{FAE04EC0-301F-11D3-BF4B-00C04F79EFBC}") = "2212410_WDF52", "2212410_WDF52.csproj", "{056BE6E2-3911-41A9-83FC-B4F4D923876F}"
EndProject
Global
	GlobalSection(SolutionConfigurationPlatforms) = preSolution
		Debug|Any CPU = Debug|Any CPU
		Release|Any CPU = Release|Any CPU
	EndGlobalSection
	GlobalSection(ProjectConfigurationPlatforms) = postSolution
		{056BE6E2-3911-41A9-83FC-B4F4D923876F}.Debug|Any CPU.ActiveCfg = Debug|Any CPU
		{056BE6E2-3911-41A9-83FC-B4F4D923876F}.Debug|Any CPU.Build.0 = Debug|Any CPU
		{056BE6E2-3911-41A9-83FC-B4F4D923876F}.Release|Any CPU.ActiveCfg = Release|Any CPU
		{056BE6E2-3911-41A9-83FC-B4F4D923876F}.Release|Any CPU.Build.0 = Release|Any CPU
	EndGlobalSection
	GlobalSection(SolutionProperties) = preSolution
		HideSolutionNode = FALSE
	EndGlobalSection
	GlobalSection(ExtensibilityGlobals) = postSolution
		SolutionGuid = {5062E308-DE32-4F5F-854B-EA95356A7EAB}
	EndGlobalSection
EndGlobal
